// !$*UTF8*$!
{
	archiveVersion = 1;
	classes = {
	};
	objectVersion = 46;
	objects = {

/* Begin PBXBuildFile section */
		50F3A64650F9E8CAEF8F1F3D /* Pods_Momentos.framework in Frameworks */ = {isa = PBXBuildFile; fileRef = 869646546579D373B6D066F0 /* Pods_Momentos.framework */; };
		F40054DF1EBAC24D00CE46D6 /* NewsFeedTableViewController.swift in Sources */ = {isa = PBXBuildFile; fileRef = F40054DE1EBAC24D00CE46D6 /* NewsFeedTableViewController.swift */; };
		F40054E11EBAC26300CE46D6 /* SignUpTableViewController.swift in Sources */ = {isa = PBXBuildFile; fileRef = F40054E01EBAC26300CE46D6 /* SignUpTableViewController.swift */; };
		F40054E31EBAC28B00CE46D6 /* WelcomeViewController.swift in Sources */ = {isa = PBXBuildFile; fileRef = F40054E21EBAC28B00CE46D6 /* WelcomeViewController.swift */; };
		F40054E51EBAC91200CE46D6 /* ImagePickerHelper.swift in Sources */ = {isa = PBXBuildFile; fileRef = F40054E41EBAC91200CE46D6 /* ImagePickerHelper.swift */; };
		F4065F111EE8CF2F00D04E4F /* Media.swift in Sources */ = {isa = PBXBuildFile; fileRef = F4065F101EE8CF2F00D04E4F /* Media.swift */; };
		F4065F131EE8D25900D04E4F /* Comments.swift in Sources */ = {isa = PBXBuildFile; fileRef = F4065F121EE8D25900D04E4F /* Comments.swift */; };
		F4065F161EE8DFD800D04E4F /* DummyPostComposerViewController.swift in Sources */ = {isa = PBXBuildFile; fileRef = F4065F151EE8DFD800D04E4F /* DummyPostComposerViewController.swift */; };
		F4065F181EE8DFF400D04E4F /* PostComposerViewController.swift in Sources */ = {isa = PBXBuildFile; fileRef = F4065F171EE8DFF400D04E4F /* PostComposerViewController.swift */; };
		F4114A1B20729BA3001CFAE6 /* MediaDetailViewCell.swift in Sources */ = {isa = PBXBuildFile; fileRef = F4114A1A20729BA3001CFAE6 /* MediaDetailViewCell.swift */; };
		F412086A1F0B284F00D2F5BE /* AdSupport.framework in Frameworks */ = {isa = PBXBuildFile; fileRef = F41208691F0B284F00D2F5BE /* AdSupport.framework */; };
		F412086D1F0B2C4400D2F5BE /* Chat.swift in Sources */ = {isa = PBXBuildFile; fileRef = F412086C1F0B2C4400D2F5BE /* Chat.swift */; };
		F412086F1F0B32E000D2F5BE /* Message.swift in Sources */ = {isa = PBXBuildFile; fileRef = F412086E1F0B32E000D2F5BE /* Message.swift */; };
		F41208711F0B3C3A00D2F5BE /* ChatTableViewCell.swift in Sources */ = {isa = PBXBuildFile; fileRef = F41208701F0B3C3A00D2F5BE /* ChatTableViewCell.swift */; };
		F41208731F0B3DFA00D2F5BE /* ContactTableViewCell.swift in Sources */ = {isa = PBXBuildFile; fileRef = F41208721F0B3DFA00D2F5BE /* ContactTableViewCell.swift */; };
		F41208751F16FA4600D2F5BE /* ContactsPickerViewController.swift in Sources */ = {isa = PBXBuildFile; fileRef = F41208741F16FA4600D2F5BE /* ContactsPickerViewController.swift */; };
		F447422B1EA58833001B7701 /* AppDelegate.swift in Sources */ = {isa = PBXBuildFile; fileRef = F447422A1EA58833001B7701 /* AppDelegate.swift */; };
		F44742301EA58833001B7701 /* Main.storyboard in Resources */ = {isa = PBXBuildFile; fileRef = F447422E1EA58833001B7701 /* Main.storyboard */; };
		F44742321EA58833001B7701 /* Assets.xcassets in Resources */ = {isa = PBXBuildFile; fileRef = F44742311EA58833001B7701 /* Assets.xcassets */; };
		F44742351EA58833001B7701 /* LaunchScreen.storyboard in Resources */ = {isa = PBXBuildFile; fileRef = F44742331EA58833001B7701 /* LaunchScreen.storyboard */; };
		F44AF3861EAEEB5E00925B61 /* Podfile in Resources */ = {isa = PBXBuildFile; fileRef = F44AF3851EAEEB5E00925B61 /* Podfile */; };
		F44AF3881EAEEE1000925B61 /* GoogleService-Info.plist in Resources */ = {isa = PBXBuildFile; fileRef = F44AF3871EAEEE1000925B61 /* GoogleService-Info.plist */; };
		F44AF38A1EAEEF2E00925B61 /* FirebaseReference.swift in Sources */ = {isa = PBXBuildFile; fileRef = F44AF3891EAEEF2E00925B61 /* FirebaseReference.swift */; };
		F44AF38E1EAEF4B000925B61 /* User.swift in Sources */ = {isa = PBXBuildFile; fileRef = F44AF38D1EAEF4B000925B61 /* User.swift */; };
		F44AF3901EAEF8FC00925B61 /* FIRImage.swift in Sources */ = {isa = PBXBuildFile; fileRef = F44AF38F1EAEF8FC00925B61 /* FIRImage.swift */; };
		F44F50BE1F1B9FDB009CF0CC /* ChatViewController.swift in Sources */ = {isa = PBXBuildFile; fileRef = F44F50BD1F1B9FDB009CF0CC /* ChatViewController.swift */; };
		F44F50C01F1BD21B009CF0CC /* InboxViewController.swift in Sources */ = {isa = PBXBuildFile; fileRef = F44F50BF1F1BD21B009CF0CC /* InboxViewController.swift */; };
		F45FFF701EFC9E8900D813FF /* MediaDetailTableViewController.swift in Sources */ = {isa = PBXBuildFile; fileRef = F45FFF6F1EFC9E8900D813FF /* MediaDetailTableViewController.swift */; };
		F45FFF721F01DB5900D813FF /* CommentComposerViewController.swift in Sources */ = {isa = PBXBuildFile; fileRef = F45FFF711F01DB5900D813FF /* CommentComposerViewController.swift */; };
		F45FFF741F047D2500D813FF /* PhoneAuthViewController.swift in Sources */ = {isa = PBXBuildFile; fileRef = F45FFF731F047D2500D813FF /* PhoneAuthViewController.swift */; };
		F4A011A7206F058B00DDDE13 /* loading.json in Resources */ = {isa = PBXBuildFile; fileRef = F4A011A6206F058A00DDDE13 /* loading.json */; };
		F4A3ADA61EFB51D500B0AC45 /* MediaHeaderCell.swift in Sources */ = {isa = PBXBuildFile; fileRef = F4A3ADA51EFB51D500B0AC45 /* MediaHeaderCell.swift */; };
		F4A3ADA81EFB57B100B0AC45 /* MediaNewsFeedViewCell.swift in Sources */ = {isa = PBXBuildFile; fileRef = F4A3ADA71EFB57B100B0AC45 /* MediaNewsFeedViewCell.swift */; };
		F4A3ADAA1EFB5E0A00B0AC45 /* CommentsTableViewCell.swift in Sources */ = {isa = PBXBuildFile; fileRef = F4A3ADA91EFB5E0A00B0AC45 /* CommentsTableViewCell.swift */; };
		F4C275611EC3E3CE00A032D7 /* LoginViewController.swift in Sources */ = {isa = PBXBuildFile; fileRef = F4C275601EC3E3CE00A032D7 /* LoginViewController.swift */; };
		F4C275641EC3E80C00A032D7 /* ProfileViewController.swift in Sources */ = {isa = PBXBuildFile; fileRef = F4C275631EC3E80C00A032D7 /* ProfileViewController.swift */; };
		F4D944C01F055F6B00302E10 /* .gitignore in Resources */ = {isa = PBXBuildFile; fileRef = F4D944BF1F055F6B00302E10 /* .gitignore */; };
		F4D944C21F06C19700302E10 /* like.json in Resources */ = {isa = PBXBuildFile; fileRef = F4D944C11F06C19700302E10 /* like.json */; };
/* End PBXBuildFile section */

/* Begin PBXFileReference section */
		44F4FB87493A32CDFF1D3DD4 /* Pods-Momentos.release.xcconfig */ = {isa = PBXFileReference; includeInIndex = 1; lastKnownFileType = text.xcconfig; name = "Pods-Momentos.release.xcconfig"; path = "Pods/Target Support Files/Pods-Momentos/Pods-Momentos.release.xcconfig"; sourceTree = "<group>"; };
		869646546579D373B6D066F0 /* Pods_Momentos.framework */ = {isa = PBXFileReference; explicitFileType = wrapper.framework; includeInIndex = 0; path = Pods_Momentos.framework; sourceTree = BUILT_PRODUCTS_DIR; };
		B3C38AB81E7C11A8FDD50A69 /* Pods-Momentos.debug.xcconfig */ = {isa = PBXFileReference; includeInIndex = 1; lastKnownFileType = text.xcconfig; name = "Pods-Momentos.debug.xcconfig"; path = "Pods/Target Support Files/Pods-Momentos/Pods-Momentos.debug.xcconfig"; sourceTree = "<group>"; };
		F40054DE1EBAC24D00CE46D6 /* NewsFeedTableViewController.swift */ = {isa = PBXFileReference; fileEncoding = 4; lastKnownFileType = sourcecode.swift; path = NewsFeedTableViewController.swift; sourceTree = "<group>"; };
		F40054E01EBAC26300CE46D6 /* SignUpTableViewController.swift */ = {isa = PBXFileReference; fileEncoding = 4; lastKnownFileType = sourcecode.swift; path = SignUpTableViewController.swift; sourceTree = "<group>"; };
		F40054E21EBAC28B00CE46D6 /* WelcomeViewController.swift */ = {isa = PBXFileReference; fileEncoding = 4; lastKnownFileType = sourcecode.swift; path = WelcomeViewController.swift; sourceTree = "<group>"; };
		F40054E41EBAC91200CE46D6 /* ImagePickerHelper.swift */ = {isa = PBXFileReference; fileEncoding = 4; lastKnownFileType = sourcecode.swift; name = ImagePickerHelper.swift; path = ../ImagePickerHelper.swift; sourceTree = "<group>"; };
		F40054E61EBAD7C800CE46D6 /* Momentos.entitlements */ = {isa = PBXFileReference; lastKnownFileType = text.plist.entitlements; path = Momentos.entitlements; sourceTree = "<group>"; };
		F4065F101EE8CF2F00D04E4F /* Media.swift */ = {isa = PBXFileReference; fileEncoding = 4; lastKnownFileType = sourcecode.swift; path = Media.swift; sourceTree = "<group>"; };
		F4065F121EE8D25900D04E4F /* Comments.swift */ = {isa = PBXFileReference; fileEncoding = 4; lastKnownFileType = sourcecode.swift; path = Comments.swift; sourceTree = "<group>"; };
		F4065F151EE8DFD800D04E4F /* DummyPostComposerViewController.swift */ = {isa = PBXFileReference; fileEncoding = 4; lastKnownFileType = sourcecode.swift; path = DummyPostComposerViewController.swift; sourceTree = "<group>"; };
		F4065F171EE8DFF400D04E4F /* PostComposerViewController.swift */ = {isa = PBXFileReference; fileEncoding = 4; lastKnownFileType = sourcecode.swift; path = PostComposerViewController.swift; sourceTree = "<group>"; };
		F4114A1A20729BA3001CFAE6 /* MediaDetailViewCell.swift */ = {isa = PBXFileReference; lastKnownFileType = sourcecode.swift; path = MediaDetailViewCell.swift; sourceTree = "<group>"; };
		F41208691F0B284F00D2F5BE /* AdSupport.framework */ = {isa = PBXFileReference; lastKnownFileType = wrapper.framework; name = AdSupport.framework; path = System/Library/Frameworks/AdSupport.framework; sourceTree = SDKROOT; };
		F412086C1F0B2C4400D2F5BE /* Chat.swift */ = {isa = PBXFileReference; fileEncoding = 4; lastKnownFileType = sourcecode.swift; path = Chat.swift; sourceTree = "<group>"; };
		F412086E1F0B32E000D2F5BE /* Message.swift */ = {isa = PBXFileReference; fileEncoding = 4; lastKnownFileType = sourcecode.swift; path = Message.swift; sourceTree = "<group>"; };
		F41208701F0B3C3A00D2F5BE /* ChatTableViewCell.swift */ = {isa = PBXFileReference; fileEncoding = 4; lastKnownFileType = sourcecode.swift; path = ChatTableViewCell.swift; sourceTree = "<group>"; };
		F41208721F0B3DFA00D2F5BE /* ContactTableViewCell.swift */ = {isa = PBXFileReference; fileEncoding = 4; lastKnownFileType = sourcecode.swift; path = ContactTableViewCell.swift; sourceTree = "<group>"; };
		F41208741F16FA4600D2F5BE /* ContactsPickerViewController.swift */ = {isa = PBXFileReference; fileEncoding = 4; lastKnownFileType = sourcecode.swift; path = ContactsPickerViewController.swift; sourceTree = "<group>"; };
		F44742271EA58833001B7701 /* Momentos.app */ = {isa = PBXFileReference; explicitFileType = wrapper.application; includeInIndex = 0; path = Momentos.app; sourceTree = BUILT_PRODUCTS_DIR; };
		F447422A1EA58833001B7701 /* AppDelegate.swift */ = {isa = PBXFileReference; lastKnownFileType = sourcecode.swift; path = AppDelegate.swift; sourceTree = "<group>"; };
		F447422F1EA58833001B7701 /* Base */ = {isa = PBXFileReference; lastKnownFileType = file.storyboard; name = Base; path = Base.lproj/Main.storyboard; sourceTree = "<group>"; };
		F44742311EA58833001B7701 /* Assets.xcassets */ = {isa = PBXFileReference; lastKnownFileType = folder.assetcatalog; path = Assets.xcassets; sourceTree = "<group>"; };
		F44742341EA58833001B7701 /* Base */ = {isa = PBXFileReference; lastKnownFileType = file.storyboard; name = Base; path = Base.lproj/LaunchScreen.storyboard; sourceTree = "<group>"; };
		F44742361EA58833001B7701 /* Info.plist */ = {isa = PBXFileReference; lastKnownFileType = text.plist.xml; path = Info.plist; sourceTree = "<group>"; };
		F44AF3851EAEEB5E00925B61 /* Podfile */ = {isa = PBXFileReference; fileEncoding = 4; lastKnownFileType = text; path = Podfile; sourceTree = "<group>"; xcLanguageSpecificationIdentifier = xcode.lang.ruby; };
		F44AF3871EAEEE1000925B61 /* GoogleService-Info.plist */ = {isa = PBXFileReference; fileEncoding = 4; lastKnownFileType = text.plist.xml; path = "GoogleService-Info.plist"; sourceTree = "<group>"; };
		F44AF3891EAEEF2E00925B61 /* FirebaseReference.swift */ = {isa = PBXFileReference; fileEncoding = 4; lastKnownFileType = sourcecode.swift; name = FirebaseReference.swift; path = ../FirebaseReference.swift; sourceTree = "<group>"; };
		F44AF38D1EAEF4B000925B61 /* User.swift */ = {isa = PBXFileReference; fileEncoding = 4; lastKnownFileType = sourcecode.swift; path = User.swift; sourceTree = "<group>"; };
		F44AF38F1EAEF8FC00925B61 /* FIRImage.swift */ = {isa = PBXFileReference; fileEncoding = 4; lastKnownFileType = sourcecode.swift; path = FIRImage.swift; sourceTree = "<group>"; };
		F44F50BD1F1B9FDB009CF0CC /* ChatViewController.swift */ = {isa = PBXFileReference; fileEncoding = 4; lastKnownFileType = sourcecode.swift; path = ChatViewController.swift; sourceTree = "<group>"; };
		F44F50BF1F1BD21B009CF0CC /* InboxViewController.swift */ = {isa = PBXFileReference; fileEncoding = 4; lastKnownFileType = sourcecode.swift; path = InboxViewController.swift; sourceTree = "<group>"; };
		F45FFF6F1EFC9E8900D813FF /* MediaDetailTableViewController.swift */ = {isa = PBXFileReference; fileEncoding = 4; lastKnownFileType = sourcecode.swift; path = MediaDetailTableViewController.swift; sourceTree = "<group>"; };
		F45FFF711F01DB5900D813FF /* CommentComposerViewController.swift */ = {isa = PBXFileReference; fileEncoding = 4; lastKnownFileType = sourcecode.swift; path = CommentComposerViewController.swift; sourceTree = "<group>"; };
		F45FFF731F047D2500D813FF /* PhoneAuthViewController.swift */ = {isa = PBXFileReference; fileEncoding = 4; lastKnownFileType = sourcecode.swift; path = PhoneAuthViewController.swift; sourceTree = "<group>"; };
		F4A011A6206F058A00DDDE13 /* loading.json */ = {isa = PBXFileReference; fileEncoding = 4; lastKnownFileType = text.json; path = loading.json; sourceTree = "<group>"; };
		F4A3ADA51EFB51D500B0AC45 /* MediaHeaderCell.swift */ = {isa = PBXFileReference; fileEncoding = 4; lastKnownFileType = sourcecode.swift; path = MediaHeaderCell.swift; sourceTree = "<group>"; };
		F4A3ADA71EFB57B100B0AC45 /* MediaNewsFeedViewCell.swift */ = {isa = PBXFileReference; fileEncoding = 4; lastKnownFileType = sourcecode.swift; path = MediaNewsFeedViewCell.swift; sourceTree = "<group>"; };
		F4A3ADA91EFB5E0A00B0AC45 /* CommentsTableViewCell.swift */ = {isa = PBXFileReference; fileEncoding = 4; lastKnownFileType = sourcecode.swift; path = CommentsTableViewCell.swift; sourceTree = "<group>"; };
		F4C275601EC3E3CE00A032D7 /* LoginViewController.swift */ = {isa = PBXFileReference; fileEncoding = 4; lastKnownFileType = sourcecode.swift; path = LoginViewController.swift; sourceTree = "<group>"; };
		F4C275631EC3E80C00A032D7 /* ProfileViewController.swift */ = {isa = PBXFileReference; fileEncoding = 4; lastKnownFileType = sourcecode.swift; path = ProfileViewController.swift; sourceTree = "<group>"; };
		F4D944BF1F055F6B00302E10 /* .gitignore */ = {isa = PBXFileReference; fileEncoding = 4; lastKnownFileType = text; path = .gitignore; sourceTree = "<group>"; };
		F4D944C11F06C19700302E10 /* like.json */ = {isa = PBXFileReference; fileEncoding = 4; lastKnownFileType = text.json; path = like.json; sourceTree = "<group>"; };
/* End PBXFileReference section */

/* Begin PBXFrameworksBuildPhase section */
		F44742241EA58833001B7701 /* Frameworks */ = {
			isa = PBXFrameworksBuildPhase;
			buildActionMask = 2147483647;
			files = (
				F412086A1F0B284F00D2F5BE /* AdSupport.framework in Frameworks */,
				50F3A64650F9E8CAEF8F1F3D /* Pods_Momentos.framework in Frameworks */,
			);
			runOnlyForDeploymentPostprocessing = 0;
		};
/* End PBXFrameworksBuildPhase section */

/* Begin PBXGroup section */
		BE821E53438A67695753A116 /* Pods */ = {
			isa = PBXGroup;
			children = (
				B3C38AB81E7C11A8FDD50A69 /* Pods-Momentos.debug.xcconfig */,
				44F4FB87493A32CDFF1D3DD4 /* Pods-Momentos.release.xcconfig */,
			);
			name = Pods;
			sourceTree = "<group>";
		};
		C0590BE3D6D2E9110E6C7DEF /* Frameworks */ = {
			isa = PBXGroup;
			children = (
				F41208691F0B284F00D2F5BE /* AdSupport.framework */,
				869646546579D373B6D066F0 /* Pods_Momentos.framework */,
			);
			name = Frameworks;
			sourceTree = "<group>";
		};
		F4065F141EE8DFA900D04E4F /* Post Composer Tab */ = {
			isa = PBXGroup;
			children = (
				F4065F151EE8DFD800D04E4F /* DummyPostComposerViewController.swift */,
				F4065F171EE8DFF400D04E4F /* PostComposerViewController.swift */,
			);
			name = "Post Composer Tab";
			sourceTree = "<group>";
		};
		F412086B1F0B2C2B00D2F5BE /* Messenger */ = {
			isa = PBXGroup;
			children = (
				F44F50C21F1BD317009CF0CC /* Controller */,
				F44F50C11F1BD311009CF0CC /* Views */,
			);
			name = Messenger;
			sourceTree = "<group>";
		};
		F447421E1EA58833001B7701 = {
			isa = PBXGroup;
			children = (
				F4D944BF1F055F6B00302E10 /* .gitignore */,
				F44AF3851EAEEB5E00925B61 /* Podfile */,
				F44742291EA58833001B7701 /* Momentos */,
				F44742281EA58833001B7701 /* Products */,
				BE821E53438A67695753A116 /* Pods */,
				C0590BE3D6D2E9110E6C7DEF /* Frameworks */,
			);
			sourceTree = "<group>";
		};
		F44742281EA58833001B7701 /* Products */ = {
			isa = PBXGroup;
			children = (
				F44742271EA58833001B7701 /* Momentos.app */,
			);
			name = Products;
			sourceTree = "<group>";
		};
		F44742291EA58833001B7701 /* Momentos */ = {
			isa = PBXGroup;
			children = (
				F4A011A6206F058A00DDDE13 /* loading.json */,
				F4D944C11F06C19700302E10 /* like.json */,
				F40054E61EBAD7C800CE46D6 /* Momentos.entitlements */,
				F447422A1EA58833001B7701 /* AppDelegate.swift */,
				F447422E1EA58833001B7701 /* Main.storyboard */,
				F412086B1F0B2C2B00D2F5BE /* Messenger */,
				F44AF38C1EAEF49B00925B61 /* Model */,
				F4C2755E1EC3E38E00A032D7 /* Newsfeed */,
				F4C2755D1EC3E37900A032D7 /* User Authentication */,
				F4C2755F1EC3E39D00A032D7 /* Helper Classes */,
				F4065F141EE8DFA900D04E4F /* Post Composer Tab */,
				F4C275621EC3E7DA00A032D7 /* Profile Tab */,
				F44742311EA58833001B7701 /* Assets.xcassets */,
				F44742331EA58833001B7701 /* LaunchScreen.storyboard */,
				F44742361EA58833001B7701 /* Info.plist */,
				F44AF3871EAEEE1000925B61 /* GoogleService-Info.plist */,
			);
			path = Momentos;
			sourceTree = "<group>";
		};
		F44AF38C1EAEF49B00925B61 /* Model */ = {
			isa = PBXGroup;
			children = (
				F412086C1F0B2C4400D2F5BE /* Chat.swift */,
				F412086E1F0B32E000D2F5BE /* Message.swift */,
				F44AF3891EAEEF2E00925B61 /* FirebaseReference.swift */,
				F44AF38D1EAEF4B000925B61 /* User.swift */,
				F4065F101EE8CF2F00D04E4F /* Media.swift */,
				F4065F121EE8D25900D04E4F /* Comments.swift */,
				F44AF38F1EAEF8FC00925B61 /* FIRImage.swift */,
			);
			name = Model;
			sourceTree = "<group>";
		};
		F44F50C11F1BD311009CF0CC /* Views */ = {
			isa = PBXGroup;
			children = (
				F41208701F0B3C3A00D2F5BE /* ChatTableViewCell.swift */,
				F41208721F0B3DFA00D2F5BE /* ContactTableViewCell.swift */,
			);
			name = Views;
			sourceTree = "<group>";
		};
		F44F50C21F1BD317009CF0CC /* Controller */ = {
			isa = PBXGroup;
			children = (
				F44F50BD1F1B9FDB009CF0CC /* ChatViewController.swift */,
				F41208741F16FA4600D2F5BE /* ContactsPickerViewController.swift */,
				F44F50BF1F1BD21B009CF0CC /* InboxViewController.swift */,
			);
			name = Controller;
			sourceTree = "<group>";
		};
		F45FFF6D1EFC9E4100D813FF /* Views */ = {
			isa = PBXGroup;
			children = (
				F4A3ADA51EFB51D500B0AC45 /* MediaHeaderCell.swift */,
				F4A3ADA71EFB57B100B0AC45 /* MediaNewsFeedViewCell.swift */,
				F4A3ADA91EFB5E0A00B0AC45 /* CommentsTableViewCell.swift */,
				F4114A1A20729BA3001CFAE6 /* MediaDetailViewCell.swift */,
			);
			name = Views;
			sourceTree = "<group>";
		};
		F45FFF6E1EFC9E5000D813FF /* Controllers */ = {
			isa = PBXGroup;
			children = (
				F40054DE1EBAC24D00CE46D6 /* NewsFeedTableViewController.swift */,
				F45FFF6F1EFC9E8900D813FF /* MediaDetailTableViewController.swift */,
				F45FFF711F01DB5900D813FF /* CommentComposerViewController.swift */,
			);
			name = Controllers;
			sourceTree = "<group>";
		};
		F4C2755D1EC3E37900A032D7 /* User Authentication */ = {
			isa = PBXGroup;
			children = (
				F40054E01EBAC26300CE46D6 /* SignUpTableViewController.swift */,
				F4C275601EC3E3CE00A032D7 /* LoginViewController.swift */,
				F40054E21EBAC28B00CE46D6 /* WelcomeViewController.swift */,
				F45FFF731F047D2500D813FF /* PhoneAuthViewController.swift */,
			);
			name = "User Authentication";
			sourceTree = "<group>";
		};
		F4C2755E1EC3E38E00A032D7 /* Newsfeed */ = {
			isa = PBXGroup;
			children = (
				F45FFF6E1EFC9E5000D813FF /* Controllers */,
				F45FFF6D1EFC9E4100D813FF /* Views */,
			);
			name = Newsfeed;
			sourceTree = "<group>";
		};
		F4C2755F1EC3E39D00A032D7 /* Helper Classes */ = {
			isa = PBXGroup;
			children = (
				F40054E41EBAC91200CE46D6 /* ImagePickerHelper.swift */,
			);
			name = "Helper Classes";
			sourceTree = "<group>";
		};
		F4C275621EC3E7DA00A032D7 /* Profile Tab */ = {
			isa = PBXGroup;
			children = (
				F4C275631EC3E80C00A032D7 /* ProfileViewController.swift */,
			);
			name = "Profile Tab";
			sourceTree = "<group>";
		};
/* End PBXGroup section */

/* Begin PBXNativeTarget section */
		F44742261EA58833001B7701 /* Momentos */ = {
			isa = PBXNativeTarget;
			buildConfigurationList = F44742391EA58833001B7701 /* Build configuration list for PBXNativeTarget "Momentos" */;
			buildPhases = (
				0742DCE463947FFC86CBD049 /* [CP] Check Pods Manifest.lock */,
				F44742231EA58833001B7701 /* Sources */,
				F44742241EA58833001B7701 /* Frameworks */,
				F44742251EA58833001B7701 /* Resources */,
				F5E0B21D83EE7B3D18135C44 /* [CP] Embed Pods Frameworks */,
				D9806D540D792E8EF8562CB0 /* [CP] Copy Pods Resources */,
			);
			buildRules = (
			);
			dependencies = (
			);
			name = Momentos;
			productName = Momentos;
			productReference = F44742271EA58833001B7701 /* Momentos.app */;
			productType = "com.apple.product-type.application";
		};
/* End PBXNativeTarget section */

/* Begin PBXProject section */
		F447421F1EA58833001B7701 /* Project object */ = {
			isa = PBXProject;
			attributes = {
				LastSwiftUpdateCheck = 0830;
				LastUpgradeCheck = 0930;
				ORGANIZATIONNAME = Br4Dev;
				TargetAttributes = {
					F44742261EA58833001B7701 = {
						CreatedOnToolsVersion = 8.3.1;
						DevelopmentTeam = 8UW672R5KC;
						LastSwiftMigration = 0830;
						ProvisioningStyle = Automatic;
						SystemCapabilities = {
							com.apple.BackgroundModes = {
								enabled = 1;
							};
							com.apple.Keychain = {
								enabled = 1;
							};
							com.apple.Push = {
								enabled = 0;
							};
						};
					};
				};
			};
			buildConfigurationList = F44742221EA58833001B7701 /* Build configuration list for PBXProject "Momentos" */;
			compatibilityVersion = "Xcode 3.2";
			developmentRegion = English;
			hasScannedForEncodings = 0;
			knownRegions = (
				en,
				Base,
			);
			mainGroup = F447421E1EA58833001B7701;
			productRefGroup = F44742281EA58833001B7701 /* Products */;
			projectDirPath = "";
			projectRoot = "";
			targets = (
				F44742261EA58833001B7701 /* Momentos */,
			);
		};
/* End PBXProject section */

/* Begin PBXResourcesBuildPhase section */
		F44742251EA58833001B7701 /* Resources */ = {
			isa = PBXResourcesBuildPhase;
			buildActionMask = 2147483647;
			files = (
				F44742351EA58833001B7701 /* LaunchScreen.storyboard in Resources */,
				F4D944C21F06C19700302E10 /* like.json in Resources */,
				F4A011A7206F058B00DDDE13 /* loading.json in Resources */,
				F44742321EA58833001B7701 /* Assets.xcassets in Resources */,
				F44AF3881EAEEE1000925B61 /* GoogleService-Info.plist in Resources */,
				F44AF3861EAEEB5E00925B61 /* Podfile in Resources */,
				F4D944C01F055F6B00302E10 /* .gitignore in Resources */,
				F44742301EA58833001B7701 /* Main.storyboard in Resources */,
			);
			runOnlyForDeploymentPostprocessing = 0;
		};
/* End PBXResourcesBuildPhase section */

/* Begin PBXShellScriptBuildPhase section */
		0742DCE463947FFC86CBD049 /* [CP] Check Pods Manifest.lock */ = {
			isa = PBXShellScriptBuildPhase;
			buildActionMask = 2147483647;
			files = (
			);
			inputPaths = (
				"${PODS_PODFILE_DIR_PATH}/Podfile.lock",
				"${PODS_ROOT}/Manifest.lock",
			);
			name = "[CP] Check Pods Manifest.lock";
			outputPaths = (
				"$(DERIVED_FILE_DIR)/Pods-Momentos-checkManifestLockResult.txt",
			);
			runOnlyForDeploymentPostprocessing = 0;
			shellPath = /bin/sh;
			shellScript = "diff \"${PODS_PODFILE_DIR_PATH}/Podfile.lock\" \"${PODS_ROOT}/Manifest.lock\" > /dev/null\nif [ $? != 0 ] ; then\n    # print error to STDERR\n    echo \"error: The sandbox is not in sync with the Podfile.lock. Run 'pod install' or update your CocoaPods installation.\" >&2\n    exit 1\nfi\n# This output is used by Xcode 'outputs' to avoid re-running this script phase.\necho \"SUCCESS\" > \"${SCRIPT_OUTPUT_FILE_0}\"\n";
			showEnvVarsInLog = 0;
		};
		D9806D540D792E8EF8562CB0 /* [CP] Copy Pods Resources */ = {
			isa = PBXShellScriptBuildPhase;
			buildActionMask = 2147483647;
			files = (
			);
			inputPaths = (
			);
			name = "[CP] Copy Pods Resources";
			outputPaths = (
			);
			runOnlyForDeploymentPostprocessing = 0;
			shellPath = /bin/sh;
			shellScript = "\"${SRCROOT}/Pods/Target Support Files/Pods-Momentos/Pods-Momentos-resources.sh\"\n";
			showEnvVarsInLog = 0;
		};
		F5E0B21D83EE7B3D18135C44 /* [CP] Embed Pods Frameworks */ = {
			isa = PBXShellScriptBuildPhase;
			buildActionMask = 2147483647;
			files = (
			);
			inputPaths = (
				"${SRCROOT}/Pods/Target Support Files/Pods-Momentos/Pods-Momentos-frameworks.sh",
				"${BUILT_PRODUCTS_DIR}/Bolts/Bolts.framework",
				"${BUILT_PRODUCTS_DIR}/DGActivityIndicatorView/DGActivityIndicatorView.framework",
				"${BUILT_PRODUCTS_DIR}/FBSDKCoreKit/FBSDKCoreKit.framework",
				"${BUILT_PRODUCTS_DIR}/FBSDKLoginKit/FBSDKLoginKit.framework",
				"${BUILT_PRODUCTS_DIR}/FBSDKShareKit/FBSDKShareKit.framework",
				"${BUILT_PRODUCTS_DIR}/FacebookCore/FacebookCore.framework",
				"${BUILT_PRODUCTS_DIR}/FacebookLogin/FacebookLogin.framework",
				"${BUILT_PRODUCTS_DIR}/FacebookShare/FacebookShare.framework",
				"${BUILT_PRODUCTS_DIR}/FrameAccessor/FrameAccessor.framework",
				"${BUILT_PRODUCTS_DIR}/GTMSessionFetcher/GTMSessionFetcher.framework",
				"${BUILT_PRODUCTS_DIR}/GoogleToolboxForMac/GoogleToolboxForMac.framework",
				"${BUILT_PRODUCTS_DIR}/JSQMessagesViewController/JSQMessagesViewController.framework",
				"${BUILT_PRODUCTS_DIR}/JSQSystemSoundPlayer/JSQSystemSoundPlayer.framework",
				"${BUILT_PRODUCTS_DIR}/SAMCache/SAMCache.framework",
				"${BUILT_PRODUCTS_DIR}/VENTokenField/VENTokenField.framework",
				"${BUILT_PRODUCTS_DIR}/lottie-ios/Lottie.framework",
				"${BUILT_PRODUCTS_DIR}/nanopb/nanopb.framework",
			);
			name = "[CP] Embed Pods Frameworks";
			outputPaths = (
				"${TARGET_BUILD_DIR}/${FRAMEWORKS_FOLDER_PATH}/Bolts.framework",
				"${TARGET_BUILD_DIR}/${FRAMEWORKS_FOLDER_PATH}/DGActivityIndicatorView.framework",
				"${TARGET_BUILD_DIR}/${FRAMEWORKS_FOLDER_PATH}/FBSDKCoreKit.framework",
				"${TARGET_BUILD_DIR}/${FRAMEWORKS_FOLDER_PATH}/FBSDKLoginKit.framework",
				"${TARGET_BUILD_DIR}/${FRAMEWORKS_FOLDER_PATH}/FBSDKShareKit.framework",
				"${TARGET_BUILD_DIR}/${FRAMEWORKS_FOLDER_PATH}/FacebookCore.framework",
				"${TARGET_BUILD_DIR}/${FRAMEWORKS_FOLDER_PATH}/FacebookLogin.framework",
				"${TARGET_BUILD_DIR}/${FRAMEWORKS_FOLDER_PATH}/FacebookShare.framework",
				"${TARGET_BUILD_DIR}/${FRAMEWORKS_FOLDER_PATH}/FrameAccessor.framework",
				"${TARGET_BUILD_DIR}/${FRAMEWORKS_FOLDER_PATH}/GTMSessionFetcher.framework",
				"${TARGET_BUILD_DIR}/${FRAMEWORKS_FOLDER_PATH}/GoogleToolboxForMac.framework",
				"${TARGET_BUILD_DIR}/${FRAMEWORKS_FOLDER_PATH}/JSQMessagesViewController.framework",
				"${TARGET_BUILD_DIR}/${FRAMEWORKS_FOLDER_PATH}/JSQSystemSoundPlayer.framework",
				"${TARGET_BUILD_DIR}/${FRAMEWORKS_FOLDER_PATH}/SAMCache.framework",
				"${TARGET_BUILD_DIR}/${FRAMEWORKS_FOLDER_PATH}/VENTokenField.framework",
				"${TARGET_BUILD_DIR}/${FRAMEWORKS_FOLDER_PATH}/Lottie.framework",
				"${TARGET_BUILD_DIR}/${FRAMEWORKS_FOLDER_PATH}/nanopb.framework",
			);
			runOnlyForDeploymentPostprocessing = 0;
			shellPath = /bin/sh;
			shellScript = "\"${SRCROOT}/Pods/Target Support Files/Pods-Momentos/Pods-Momentos-frameworks.sh\"\n";
			showEnvVarsInLog = 0;
		};
/* End PBXShellScriptBuildPhase section */

/* Begin PBXSourcesBuildPhase section */
		F44742231EA58833001B7701 /* Sources */ = {
			isa = PBXSourcesBuildPhase;
			buildActionMask = 2147483647;
			files = (
				F4065F111EE8CF2F00D04E4F /* Media.swift in Sources */,
				F4C275611EC3E3CE00A032D7 /* LoginViewController.swift in Sources */,
				F44AF38A1EAEEF2E00925B61 /* FirebaseReference.swift in Sources */,
				F4C275641EC3E80C00A032D7 /* ProfileViewController.swift in Sources */,
				F4065F161EE8DFD800D04E4F /* DummyPostComposerViewController.swift in Sources */,
				F41208751F16FA4600D2F5BE /* ContactsPickerViewController.swift in Sources */,
				F40054E11EBAC26300CE46D6 /* SignUpTableViewController.swift in Sources */,
				F4A3ADA81EFB57B100B0AC45 /* MediaNewsFeedViewCell.swift in Sources */,
				F44AF3901EAEF8FC00925B61 /* FIRImage.swift in Sources */,
				F41208711F0B3C3A00D2F5BE /* ChatTableViewCell.swift in Sources */,
				F40054E51EBAC91200CE46D6 /* ImagePickerHelper.swift in Sources */,
				F447422B1EA58833001B7701 /* AppDelegate.swift in Sources */,
				F4A3ADAA1EFB5E0A00B0AC45 /* CommentsTableViewCell.swift in Sources */,
				F41208731F0B3DFA00D2F5BE /* ContactTableViewCell.swift in Sources */,
				F45FFF741F047D2500D813FF /* PhoneAuthViewController.swift in Sources */,
				F40054DF1EBAC24D00CE46D6 /* NewsFeedTableViewController.swift in Sources */,
				F44AF38E1EAEF4B000925B61 /* User.swift in Sources */,
				F40054E31EBAC28B00CE46D6 /* WelcomeViewController.swift in Sources */,
				F4A3ADA61EFB51D500B0AC45 /* MediaHeaderCell.swift in Sources */,
				F412086D1F0B2C4400D2F5BE /* Chat.swift in Sources */,
				F412086F1F0B32E000D2F5BE /* Message.swift in Sources */,
				F45FFF701EFC9E8900D813FF /* MediaDetailTableViewController.swift in Sources */,
				F44F50C01F1BD21B009CF0CC /* InboxViewController.swift in Sources */,
				F44F50BE1F1B9FDB009CF0CC /* ChatViewController.swift in Sources */,
				F4065F181EE8DFF400D04E4F /* PostComposerViewController.swift in Sources */,
				F4065F131EE8D25900D04E4F /* Comments.swift in Sources */,
				F45FFF721F01DB5900D813FF /* CommentComposerViewController.swift in Sources */,
				F4114A1B20729BA3001CFAE6 /* MediaDetailViewCell.swift in Sources */,
			);
			runOnlyForDeploymentPostprocessing = 0;
		};
/* End PBXSourcesBuildPhase section */

/* Begin PBXVariantGroup section */
		F447422E1EA58833001B7701 /* Main.storyboard */ = {
			isa = PBXVariantGroup;
			children = (
				F447422F1EA58833001B7701 /* Base */,
			);
			name = Main.storyboard;
			sourceTree = "<group>";
		};
		F44742331EA58833001B7701 /* LaunchScreen.storyboard */ = {
			isa = PBXVariantGroup;
			children = (
				F44742341EA58833001B7701 /* Base */,
			);
			name = LaunchScreen.storyboard;
			sourceTree = "<group>";
		};
/* End PBXVariantGroup section */

/* Begin XCBuildConfiguration section */
		F44742371EA58833001B7701 /* Debug */ = {
			isa = XCBuildConfiguration;
			buildSettings = {
				ALWAYS_SEARCH_USER_PATHS = NO;
				CLANG_ANALYZER_NONNULL = YES;
				CLANG_ANALYZER_NUMBER_OBJECT_CONVERSION = YES_AGGRESSIVE;
				CLANG_CXX_LANGUAGE_STANDARD = "gnu++0x";
				CLANG_CXX_LIBRARY = "libc++";
				CLANG_ENABLE_MODULES = YES;
				CLANG_ENABLE_OBJC_ARC = YES;
				CLANG_WARN_BLOCK_CAPTURE_AUTORELEASING = YES;
				CLANG_WARN_BOOL_CONVERSION = YES;
				CLANG_WARN_COMMA = YES;
				CLANG_WARN_CONSTANT_CONVERSION = YES;
				CLANG_WARN_DEPRECATED_OBJC_IMPLEMENTATIONS = YES;
				CLANG_WARN_DIRECT_OBJC_ISA_USAGE = YES_ERROR;
				CLANG_WARN_DOCUMENTATION_COMMENTS = YES;
				CLANG_WARN_EMPTY_BODY = YES;
				CLANG_WARN_ENUM_CONVERSION = YES;
				CLANG_WARN_INFINITE_RECURSION = YES;
				CLANG_WARN_INT_CONVERSION = YES;
				CLANG_WARN_NON_LITERAL_NULL_CONVERSION = YES;
				CLANG_WARN_OBJC_IMPLICIT_RETAIN_SELF = YES;
				CLANG_WARN_OBJC_LITERAL_CONVERSION = YES;
				CLANG_WARN_OBJC_ROOT_CLASS = YES_ERROR;
				CLANG_WARN_RANGE_LOOP_ANALYSIS = YES;
				CLANG_WARN_STRICT_PROTOTYPES = YES;
				CLANG_WARN_SUSPICIOUS_MOVE = YES;
				CLANG_WARN_UNREACHABLE_CODE = YES;
				CLANG_WARN__DUPLICATE_METHOD_MATCH = YES;
				"CODE_SIGN_IDENTITY[sdk=iphoneos*]" = "iPhone Developer";
				COPY_PHASE_STRIP = NO;
				DEBUG_INFORMATION_FORMAT = dwarf;
				ENABLE_STRICT_OBJC_MSGSEND = YES;
				ENABLE_TESTABILITY = YES;
				GCC_C_LANGUAGE_STANDARD = gnu99;
				GCC_DYNAMIC_NO_PIC = NO;
				GCC_NO_COMMON_BLOCKS = YES;
				GCC_OPTIMIZATION_LEVEL = 0;
				GCC_PREPROCESSOR_DEFINITIONS = (
					"DEBUG=1",
					"$(inherited)",
				);
				GCC_WARN_64_TO_32_BIT_CONVERSION = YES;
				GCC_WARN_ABOUT_RETURN_TYPE = YES_ERROR;
				GCC_WARN_UNDECLARED_SELECTOR = YES;
				GCC_WARN_UNINITIALIZED_AUTOS = YES_AGGRESSIVE;
				GCC_WARN_UNUSED_FUNCTION = YES;
				GCC_WARN_UNUSED_VARIABLE = YES;
				IPHONEOS_DEPLOYMENT_TARGET = 10.3;
				MTL_ENABLE_DEBUG_INFO = YES;
				ONLY_ACTIVE_ARCH = YES;
				SDKROOT = iphoneos;
				SWIFT_ACTIVE_COMPILATION_CONDITIONS = DEBUG;
				SWIFT_OPTIMIZATION_LEVEL = "-Onone";
			};
			name = Debug;
		};
		F44742381EA58833001B7701 /* Release */ = {
			isa = XCBuildConfiguration;
			buildSettings = {
				ALWAYS_SEARCH_USER_PATHS = NO;
				CLANG_ANALYZER_NONNULL = YES;
				CLANG_ANALYZER_NUMBER_OBJECT_CONVERSION = YES_AGGRESSIVE;
				CLANG_CXX_LANGUAGE_STANDARD = "gnu++0x";
				CLANG_CXX_LIBRARY = "libc++";
				CLANG_ENABLE_MODULES = YES;
				CLANG_ENABLE_OBJC_ARC = YES;
				CLANG_WARN_BLOCK_CAPTURE_AUTORELEASING = YES;
				CLANG_WARN_BOOL_CONVERSION = YES;
				CLANG_WARN_COMMA = YES;
				CLANG_WARN_CONSTANT_CONVERSION = YES;
				CLANG_WARN_DEPRECATED_OBJC_IMPLEMENTATIONS = YES;
				CLANG_WARN_DIRECT_OBJC_ISA_USAGE = YES_ERROR;
				CLANG_WARN_DOCUMENTATION_COMMENTS = YES;
				CLANG_WARN_EMPTY_BODY = YES;
				CLANG_WARN_ENUM_CONVERSION = YES;
				CLANG_WARN_INFINITE_RECURSION = YES;
				CLANG_WARN_INT_CONVERSION = YES;
				CLANG_WARN_NON_LITERAL_NULL_CONVERSION = YES;
				CLANG_WARN_OBJC_IMPLICIT_RETAIN_SELF = YES;
				CLANG_WARN_OBJC_LITERAL_CONVERSION = YES;
				CLANG_WARN_OBJC_ROOT_CLASS = YES_ERROR;
				CLANG_WARN_RANGE_LOOP_ANALYSIS = YES;
				CLANG_WARN_STRICT_PROTOTYPES = YES;
				CLANG_WARN_SUSPICIOUS_MOVE = YES;
				CLANG_WARN_UNREACHABLE_CODE = YES;
				CLANG_WARN__DUPLICATE_METHOD_MATCH = YES;
				"CODE_SIGN_IDENTITY[sdk=iphoneos*]" = "iPhone Developer";
				COPY_PHASE_STRIP = NO;
				DEBUG_INFORMATION_FORMAT = "dwarf-with-dsym";
				ENABLE_NS_ASSERTIONS = NO;
				ENABLE_STRICT_OBJC_MSGSEND = YES;
				GCC_C_LANGUAGE_STANDARD = gnu99;
				GCC_NO_COMMON_BLOCKS = YES;
				GCC_WARN_64_TO_32_BIT_CONVERSION = YES;
				GCC_WARN_ABOUT_RETURN_TYPE = YES_ERROR;
				GCC_WARN_UNDECLARED_SELECTOR = YES;
				GCC_WARN_UNINITIALIZED_AUTOS = YES_AGGRESSIVE;
				GCC_WARN_UNUSED_FUNCTION = YES;
				GCC_WARN_UNUSED_VARIABLE = YES;
				IPHONEOS_DEPLOYMENT_TARGET = 10.3;
				MTL_ENABLE_DEBUG_INFO = NO;
				SDKROOT = iphoneos;
				SWIFT_OPTIMIZATION_LEVEL = "-Owholemodule";
				VALIDATE_PRODUCT = YES;
			};
			name = Release;
		};
		F447423A1EA58833001B7701 /* Debug */ = {
			isa = XCBuildConfiguration;
			baseConfigurationReference = B3C38AB81E7C11A8FDD50A69 /* Pods-Momentos.debug.xcconfig */;
			buildSettings = {
				ASSETCATALOG_COMPILER_APPICON_NAME = AppIcon;
				CODE_SIGN_ENTITLEMENTS = Momentos/Momentos.entitlements;
				"CODE_SIGN_IDENTITY[sdk=iphoneos*]" = "iPhone Developer";
				DEVELOPMENT_TEAM = 8UW672R5KC;
				INFOPLIST_FILE = Momentos/Info.plist;
				IPHONEOS_DEPLOYMENT_TARGET = 10.3;
				LD_RUNPATH_SEARCH_PATHS = "$(inherited) @executable_path/Frameworks";
				PRODUCT_BUNDLE_IDENTIFIER = br.com.Momentos;
				PRODUCT_NAME = "$(TARGET_NAME)";
				PROVISIONING_PROFILE_SPECIFIER = "";
				SWIFT_VERSION = 3.0;
			};
			name = Debug;
		};
		F447423B1EA58833001B7701 /* Release */ = {
			isa = XCBuildConfiguration;
			baseConfigurationReference = 44F4FB87493A32CDFF1D3DD4 /* Pods-Momentos.release.xcconfig */;
			buildSettings = {
				ASSETCATALOG_COMPILER_APPICON_NAME = AppIcon;
				CODE_SIGN_ENTITLEMENTS = Momentos/Momentos.entitlements;
				"CODE_SIGN_IDENTITY[sdk=iphoneos*]" = "iPhone Developer";
				DEVELOPMENT_TEAM = 8UW672R5KC;
				INFOPLIST_FILE = Momentos/Info.plist;
				IPHONEOS_DEPLOYMENT_TARGET = 10.3;
				LD_RUNPATH_SEARCH_PATHS = "$(inherited) @executable_path/Frameworks";
				PRODUCT_BUNDLE_IDENTIFIER = br.com.Momentos;
				PRODUCT_NAME = "$(TARGET_NAME)";
				PROVISIONING_PROFILE_SPECIFIER = "";
				SWIFT_VERSION = 3.0;
			};
			name = Release;
		};
/* End XCBuildConfiguration section */

/* Begin XCConfigurationList section */
		F44742221EA58833001B7701 /* Build configuration list for PBXProject "Momentos" */ = {
			isa = XCConfigurationList;
			buildConfigurations = (
				F44742371EA58833001B7701 /* Debug */,
				F44742381EA58833001B7701 /* Release */,
			);
			defaultConfigurationIsVisible = 0;
			defaultConfigurationName = Release;
		};
		F44742391EA58833001B7701 /* Build configuration list for PBXNativeTarget "Momentos" */ = {
			isa = XCConfigurationList;
			buildConfigurations = (
				F447423A1EA58833001B7701 /* Debug */,
				F447423B1EA58833001B7701 /* Release */,
			);
			defaultConfigurationIsVisible = 0;
			defaultConfigurationName = Release;
		};
/* End XCConfigurationList section */
	};
	rootObject = F447421F1EA58833001B7701 /* Project object */;
}
