// !$*UTF8*$!
{
	archiveVersion = 1;
	classes = {
	};
	objectVersion = 46;
	objects = {

/* Begin PBXBuildFile section */
		50F3A64650F9E8CAEF8F1F3D /* Pods_Momentos.framework in Frameworks */ = {isa = PBXBuildFile; fileRef = 869646546579D373B6D066F0 /* Pods_Momentos.framework */; };
		F40054DF1EBAC24D00CE46D6 /* NewsFeedTableViewController.swift in Sources */ = {isa = PBXBuildFile; fileRef = F40054DE1EBAC24D00CE46D6 /* NewsFeedTableViewController.swift */; };
		F40054E11EBAC26300CE46D6 /* SignUpTableViewController.swift in Sources */ = {isa = PBXBuildFile; fileRef = F40054E01EBAC26300CE46D6 /* SignUpTableViewController.swift */; };
		F40054E31EBAC28B00CE46D6 /* WelcomeViewController.swift in Sources */ = {isa = PBXBuildFile; fileRef = F40054E21EBAC28B00CE46D6 /* WelcomeViewController.swift */; };
		F40054E51EBAC91200CE46D6 /* ImagePickerHelper.swift in Sources */ = {isa = PBXBuildFile; fileRef = F40054E41EBAC91200CE46D6 /* ImagePickerHelper.swift */; };
		F447422B1EA58833001B7701 /* AppDelegate.swift in Sources */ = {isa = PBXBuildFile; fileRef = F447422A1EA58833001B7701 /* AppDelegate.swift */; };
		F44742301EA58833001B7701 /* Main.storyboard in Resources */ = {isa = PBXBuildFile; fileRef = F447422E1EA58833001B7701 /* Main.storyboard */; };
		F44742321EA58833001B7701 /* Assets.xcassets in Resources */ = {isa = PBXBuildFile; fileRef = F44742311EA58833001B7701 /* Assets.xcassets */; };
		F44742351EA58833001B7701 /* LaunchScreen.storyboard in Resources */ = {isa = PBXBuildFile; fileRef = F44742331EA58833001B7701 /* LaunchScreen.storyboard */; };
		F44AF3861EAEEB5E00925B61 /* Podfile in Resources */ = {isa = PBXBuildFile; fileRef = F44AF3851EAEEB5E00925B61 /* Podfile */; };
		F44AF3881EAEEE1000925B61 /* GoogleService-Info.plist in Resources */ = {isa = PBXBuildFile; fileRef = F44AF3871EAEEE1000925B61 /* GoogleService-Info.plist */; };
		F44AF38A1EAEEF2E00925B61 /* FirebaseReference.swift in Sources */ = {isa = PBXBuildFile; fileRef = F44AF3891EAEEF2E00925B61 /* FirebaseReference.swift */; };
		F44AF38E1EAEF4B000925B61 /* User.swift in Sources */ = {isa = PBXBuildFile; fileRef = F44AF38D1EAEF4B000925B61 /* User.swift */; };
		F44AF3901EAEF8FC00925B61 /* FIRImage.swift in Sources */ = {isa = PBXBuildFile; fileRef = F44AF38F1EAEF8FC00925B61 /* FIRImage.swift */; };
		F4C275611EC3E3CE00A032D7 /* LoginViewController.swift in Sources */ = {isa = PBXBuildFile; fileRef = F4C275601EC3E3CE00A032D7 /* LoginViewController.swift */; };
		F4C275641EC3E80C00A032D7 /* ProfileViewController.swift in Sources */ = {isa = PBXBuildFile; fileRef = F4C275631EC3E80C00A032D7 /* ProfileViewController.swift */; };
/* End PBXBuildFile section */

/* Begin PBXFileReference section */
		44F4FB87493A32CDFF1D3DD4 /* Pods-Momentos.release.xcconfig */ = {isa = PBXFileReference; includeInIndex = 1; lastKnownFileType = text.xcconfig; name = "Pods-Momentos.release.xcconfig"; path = "Pods/Target Support Files/Pods-Momentos/Pods-Momentos.release.xcconfig"; sourceTree = "<group>"; };
		869646546579D373B6D066F0 /* Pods_Momentos.framework */ = {isa = PBXFileReference; explicitFileType = wrapper.framework; includeInIndex = 0; path = Pods_Momentos.framework; sourceTree = BUILT_PRODUCTS_DIR; };
		B3C38AB81E7C11A8FDD50A69 /* Pods-Momentos.debug.xcconfig */ = {isa = PBXFileReference; includeInIndex = 1; lastKnownFileType = text.xcconfig; name = "Pods-Momentos.debug.xcconfig"; path = "Pods/Target Support Files/Pods-Momentos/Pods-Momentos.debug.xcconfig"; sourceTree = "<group>"; };
		F40054DE1EBAC24D00CE46D6 /* NewsFeedTableViewController.swift */ = {isa = PBXFileReference; fileEncoding = 4; lastKnownFileType = sourcecode.swift; path = NewsFeedTableViewController.swift; sourceTree = "<group>"; };
		F40054E01EBAC26300CE46D6 /* SignUpTableViewController.swift */ = {isa = PBXFileReference; fileEncoding = 4; lastKnownFileType = sourcecode.swift; path = SignUpTableViewController.swift; sourceTree = "<group>"; };
		F40054E21EBAC28B00CE46D6 /* WelcomeViewController.swift */ = {isa = PBXFileReference; fileEncoding = 4; lastKnownFileType = sourcecode.swift; path = WelcomeViewController.swift; sourceTree = "<group>"; };
		F40054E41EBAC91200CE46D6 /* ImagePickerHelper.swift */ = {isa = PBXFileReference; fileEncoding = 4; lastKnownFileType = sourcecode.swift; name = ImagePickerHelper.swift; path = ../ImagePickerHelper.swift; sourceTree = "<group>"; };
		F40054E61EBAD7C800CE46D6 /* Momentos.entitlements */ = {isa = PBXFileReference; lastKnownFileType = text.plist.entitlements; path = Momentos.entitlements; sourceTree = "<group>"; };
		F44742271EA58833001B7701 /* Momentos.app */ = {isa = PBXFileReference; explicitFileType = wrapper.application; includeInIndex = 0; path = Momentos.app; sourceTree = BUILT_PRODUCTS_DIR; };
		F447422A1EA58833001B7701 /* AppDelegate.swift */ = {isa = PBXFileReference; lastKnownFileType = sourcecode.swift; path = AppDelegate.swift; sourceTree = "<group>"; };
		F447422F1EA58833001B7701 /* Base */ = {isa = PBXFileReference; lastKnownFileType = file.storyboard; name = Base; path = Base.lproj/Main.storyboard; sourceTree = "<group>"; };
		F44742311EA58833001B7701 /* Assets.xcassets */ = {isa = PBXFileReference; lastKnownFileType = folder.assetcatalog; path = Assets.xcassets; sourceTree = "<group>"; };
		F44742341EA58833001B7701 /* Base */ = {isa = PBXFileReference; lastKnownFileType = file.storyboard; name = Base; path = Base.lproj/LaunchScreen.storyboard; sourceTree = "<group>"; };
		F44742361EA58833001B7701 /* Info.plist */ = {isa = PBXFileReference; lastKnownFileType = text.plist.xml; path = Info.plist; sourceTree = "<group>"; };
		F44AF3851EAEEB5E00925B61 /* Podfile */ = {isa = PBXFileReference; fileEncoding = 4; lastKnownFileType = text; path = Podfile; sourceTree = "<group>"; xcLanguageSpecificationIdentifier = xcode.lang.ruby; };
		F44AF3871EAEEE1000925B61 /* GoogleService-Info.plist */ = {isa = PBXFileReference; fileEncoding = 4; lastKnownFileType = text.plist.xml; path = "GoogleService-Info.plist"; sourceTree = "<group>"; };
		F44AF3891EAEEF2E00925B61 /* FirebaseReference.swift */ = {isa = PBXFileReference; fileEncoding = 4; lastKnownFileType = sourcecode.swift; name = FirebaseReference.swift; path = ../FirebaseReference.swift; sourceTree = "<group>"; };
		F44AF38D1EAEF4B000925B61 /* User.swift */ = {isa = PBXFileReference; fileEncoding = 4; lastKnownFileType = sourcecode.swift; path = User.swift; sourceTree = "<group>"; };
		F44AF38F1EAEF8FC00925B61 /* FIRImage.swift */ = {isa = PBXFileReference; fileEncoding = 4; lastKnownFileType = sourcecode.swift; path = FIRImage.swift; sourceTree = "<group>"; };
		F4C275601EC3E3CE00A032D7 /* LoginViewController.swift */ = {isa = PBXFileReference; fileEncoding = 4; lastKnownFileType = sourcecode.swift; path = LoginViewController.swift; sourceTree = "<group>"; };
		F4C275631EC3E80C00A032D7 /* ProfileViewController.swift */ = {isa = PBXFileReference; fileEncoding = 4; lastKnownFileType = sourcecode.swift; path = ProfileViewController.swift; sourceTree = "<group>"; };
/* End PBXFileReference section */

/* Begin PBXFrameworksBuildPhase section */
		F44742241EA58833001B7701 /* Frameworks */ = {
			isa = PBXFrameworksBuildPhase;
			buildActionMask = 2147483647;
			files = (
				50F3A64650F9E8CAEF8F1F3D /* Pods_Momentos.framework in Frameworks */,
			);
			runOnlyForDeploymentPostprocessing = 0;
		};
/* End PBXFrameworksBuildPhase section */

/* Begin PBXGroup section */
		BE821E53438A67695753A116 /* Pods */ = {
			isa = PBXGroup;
			children = (
				B3C38AB81E7C11A8FDD50A69 /* Pods-Momentos.debug.xcconfig */,
				44F4FB87493A32CDFF1D3DD4 /* Pods-Momentos.release.xcconfig */,
			);
			name = Pods;
			sourceTree = "<group>";
		};
		C0590BE3D6D2E9110E6C7DEF /* Frameworks */ = {
			isa = PBXGroup;
			children = (
				869646546579D373B6D066F0 /* Pods_Momentos.framework */,
			);
			name = Frameworks;
			sourceTree = "<group>";
		};
		F447421E1EA58833001B7701 = {
			isa = PBXGroup;
			children = (
				F44AF3851EAEEB5E00925B61 /* Podfile */,
				F44742291EA58833001B7701 /* Momentos */,
				F44742281EA58833001B7701 /* Products */,
				BE821E53438A67695753A116 /* Pods */,
				C0590BE3D6D2E9110E6C7DEF /* Frameworks */,
			);
			sourceTree = "<group>";
		};
		F44742281EA58833001B7701 /* Products */ = {
			isa = PBXGroup;
			children = (
				F44742271EA58833001B7701 /* Momentos.app */,
			);
			name = Products;
			sourceTree = "<group>";
		};
		F44742291EA58833001B7701 /* Momentos */ = {
			isa = PBXGroup;
			children = (
				F40054E61EBAD7C800CE46D6 /* Momentos.entitlements */,
				F447422A1EA58833001B7701 /* AppDelegate.swift */,
				F44AF38C1EAEF49B00925B61 /* Model */,
				F447422E1EA58833001B7701 /* Main.storyboard */,
				F4C2755E1EC3E38E00A032D7 /* Newsfeed */,
				F4C2755D1EC3E37900A032D7 /* User Authentication */,
				F4C2755F1EC3E39D00A032D7 /* Helper Classes */,
				F4C275621EC3E7DA00A032D7 /* Profile Tab */,
				F44742311EA58833001B7701 /* Assets.xcassets */,
				F44742331EA58833001B7701 /* LaunchScreen.storyboard */,
				F44742361EA58833001B7701 /* Info.plist */,
				F44AF3871EAEEE1000925B61 /* GoogleService-Info.plist */,
			);
			path = Momentos;
			sourceTree = "<group>";
		};
		F44AF38C1EAEF49B00925B61 /* Model */ = {
			isa = PBXGroup;
			children = (
				F44AF3891EAEEF2E00925B61 /* FirebaseReference.swift */,
				F44AF38D1EAEF4B000925B61 /* User.swift */,
				F44AF38F1EAEF8FC00925B61 /* FIRImage.swift */,
			);
			name = Model;
			sourceTree = "<group>";
		};
		F4C2755D1EC3E37900A032D7 /* User Authentication */ = {
			isa = PBXGroup;
			children = (
				F40054E01EBAC26300CE46D6 /* SignUpTableViewController.swift */,
				F4C275601EC3E3CE00A032D7 /* LoginViewController.swift */,
				F40054E21EBAC28B00CE46D6 /* WelcomeViewController.swift */,
			);
			name = "User Authentication";
			sourceTree = "<group>";
		};
		F4C2755E1EC3E38E00A032D7 /* Newsfeed */ = {
			isa = PBXGroup;
			children = (
				F40054DE1EBAC24D00CE46D6 /* NewsFeedTableViewController.swift */,
			);
			name = Newsfeed;
			sourceTree = "<group>";
		};
		F4C2755F1EC3E39D00A032D7 /* Helper Classes */ = {
			isa = PBXGroup;
			children = (
				F40054E41EBAC91200CE46D6 /* ImagePickerHelper.swift */,
			);
			name = "Helper Classes";
			sourceTree = "<group>";
		};
		F4C275621EC3E7DA00A032D7 /* Profile Tab */ = {
			isa = PBXGroup;
			children = (
				F4C275631EC3E80C00A032D7 /* ProfileViewController.swift */,
			);
			name = "Profile Tab";
			sourceTree = "<group>";
		};
/* End PBXGroup section */

/* Begin PBXNativeTarget section */
		F44742261EA58833001B7701 /* Momentos */ = {
			isa = PBXNativeTarget;
			buildConfigurationList = F44742391EA58833001B7701 /* Build configuration list for PBXNativeTarget "Momentos" */;
			buildPhases = (
				0742DCE463947FFC86CBD049 /* [CP] Check Pods Manifest.lock */,
				F44742231EA58833001B7701 /* Sources */,
				F44742241EA58833001B7701 /* Frameworks */,
				F44742251EA58833001B7701 /* Resources */,
				F5E0B21D83EE7B3D18135C44 /* [CP] Embed Pods Frameworks */,
				D9806D540D792E8EF8562CB0 /* [CP] Copy Pods Resources */,
			);
			buildRules = (
			);
			dependencies = (
			);
			name = Momentos;
			productName = Momentos;
			productReference = F44742271EA58833001B7701 /* Momentos.app */;
			productType = "com.apple.product-type.application";
		};
/* End PBXNativeTarget section */

/* Begin PBXProject section */
		F447421F1EA58833001B7701 /* Project object */ = {
			isa = PBXProject;
			attributes = {
				LastSwiftUpdateCheck = 0830;
				LastUpgradeCheck = 0830;
				ORGANIZATIONNAME = Br4Dev;
				TargetAttributes = {
					F44742261EA58833001B7701 = {
						CreatedOnToolsVersion = 8.3.1;
						DevelopmentTeam = RREN52MQC8;
						ProvisioningStyle = Automatic;
						SystemCapabilities = {
							com.apple.Keychain = {
								enabled = 1;
							};
						};
					};
				};
			};
			buildConfigurationList = F44742221EA58833001B7701 /* Build configuration list for PBXProject "Momentos" */;
			compatibilityVersion = "Xcode 3.2";
			developmentRegion = English;
			hasScannedForEncodings = 0;
			knownRegions = (
				en,
				Base,
			);
			mainGroup = F447421E1EA58833001B7701;
			productRefGroup = F44742281EA58833001B7701 /* Products */;
			projectDirPath = "";
			projectRoot = "";
			targets = (
				F44742261EA58833001B7701 /* Momentos */,
			);
		};
/* End PBXProject section */

/* Begin PBXResourcesBuildPhase section */
		F44742251EA58833001B7701 /* Resources */ = {
			isa = PBXResourcesBuildPhase;
			buildActionMask = 2147483647;
			files = (
				F44742351EA58833001B7701 /* LaunchScreen.storyboard in Resources */,
				F44742321EA58833001B7701 /* Assets.xcassets in Resources */,
				F44AF3881EAEEE1000925B61 /* GoogleService-Info.plist in Resources */,
				F44AF3861EAEEB5E00925B61 /* Podfile in Resources */,
				F44742301EA58833001B7701 /* Main.storyboard in Resources */,
			);
			runOnlyForDeploymentPostprocessing = 0;
		};
/* End PBXResourcesBuildPhase section */

/* Begin PBXShellScriptBuildPhase section */
		0742DCE463947FFC86CBD049 /* [CP] Check Pods Manifest.lock */ = {
			isa = PBXShellScriptBuildPhase;
			buildActionMask = 2147483647;
			files = (
			);
			inputPaths = (
			);
			name = "[CP] Check Pods Manifest.lock";
			outputPaths = (
			);
			runOnlyForDeploymentPostprocessing = 0;
			shellPath = /bin/sh;
			shellScript = "diff \"${PODS_ROOT}/../Podfile.lock\" \"${PODS_ROOT}/Manifest.lock\" > /dev/null\nif [[ $? != 0 ]] ; then\n    cat << EOM\nerror: The sandbox is not in sync with the Podfile.lock. Run 'pod install' or update your CocoaPods installation.\nEOM\n    exit 1\nfi\n";
			showEnvVarsInLog = 0;
		};
		D9806D540D792E8EF8562CB0 /* [CP] Copy Pods Resources */ = {
			isa = PBXShellScriptBuildPhase;
			buildActionMask = 2147483647;
			files = (
			);
			inputPaths = (
			);
			name = "[CP] Copy Pods Resources";
			outputPaths = (
			);
			runOnlyForDeploymentPostprocessing = 0;
			shellPath = /bin/sh;
			shellScript = "\"${SRCROOT}/Pods/Target Support Files/Pods-Momentos/Pods-Momentos-resources.sh\"\n";
			showEnvVarsInLog = 0;
		};
		F5E0B21D83EE7B3D18135C44 /* [CP] Embed Pods Frameworks */ = {
			isa = PBXShellScriptBuildPhase;
			buildActionMask = 2147483647;
			files = (
			);
			inputPaths = (
			);
			name = "[CP] Embed Pods Frameworks";
			outputPaths = (
			);
			runOnlyForDeploymentPostprocessing = 0;
			shellPath = /bin/sh;
			shellScript = "\"${SRCROOT}/Pods/Target Support Files/Pods-Momentos/Pods-Momentos-frameworks.sh\"\n";
			showEnvVarsInLog = 0;
		};
/* End PBXShellScriptBuildPhase section */

/* Begin PBXSourcesBuildPhase section */
		F44742231EA58833001B7701 /* Sources */ = {
			isa = PBXSourcesBuildPhase;
			buildActionMask = 2147483647;
			files = (
				F4C275611EC3E3CE00A032D7 /* LoginViewController.swift in Sources */,
				F44AF38A1EAEEF2E00925B61 /* FirebaseReference.swift in Sources */,
				F4C275641EC3E80C00A032D7 /* ProfileViewController.swift in Sources */,
				F40054E11EBAC26300CE46D6 /* SignUpTableViewController.swift in Sources */,
				F44AF3901EAEF8FC00925B61 /* FIRImage.swift in Sources */,
				F40054E51EBAC91200CE46D6 /* ImagePickerHelper.swift in Sources */,
				F447422B1EA58833001B7701 /* AppDelegate.swift in Sources */,
				F40054DF1EBAC24D00CE46D6 /* NewsFeedTableViewController.swift in Sources */,
				F44AF38E1EAEF4B000925B61 /* User.swift in Sources */,
				F40054E31EBAC28B00CE46D6 /* WelcomeViewController.swift in Sources */,
			);
			runOnlyForDeploymentPostprocessing = 0;
		};
/* End PBXSourcesBuildPhase section */

/* Begin PBXVariantGroup section */
		F447422E1EA58833001B7701 /* Main.storyboard */ = {
			isa = PBXVariantGroup;
			children = (
				F447422F1EA58833001B7701 /* Base */,
			);
			name = Main.storyboard;
			sourceTree = "<group>";
		};
		F44742331EA58833001B7701 /* LaunchScreen.storyboard */ = {
			isa = PBXVariantGroup;
			children = (
				F44742341EA58833001B7701 /* Base */,
			);
			name = LaunchScreen.storyboard;
			sourceTree = "<group>";
		};
/* End PBXVariantGroup section */

/* Begin XCBuildConfiguration section */
		F44742371EA58833001B7701 /* Debug */ = {
			isa = XCBuildConfiguration;
			buildSettings = {
				ALWAYS_SEARCH_USER_PATHS = NO;
				CLANG_ANALYZER_NONNULL = YES;
				CLANG_ANALYZER_NUMBER_OBJECT_CONVERSION = YES_AGGRESSIVE;
				CLANG_CXX_LANGUAGE_STANDARD = "gnu++0x";
				CLANG_CXX_LIBRARY = "libc++";
				CLANG_ENABLE_MODULES = YES;
				CLANG_ENABLE_OBJC_ARC = YES;
				CLANG_WARN_BOOL_CONVERSION = YES;
				CLANG_WARN_CONSTANT_CONVERSION = YES;
				CLANG_WARN_DIRECT_OBJC_ISA_USAGE = YES_ERROR;
				CLANG_WARN_DOCUMENTATION_COMMENTS = YES;
				CLANG_WARN_EMPTY_BODY = YES;
				CLANG_WARN_ENUM_CONVERSION = YES;
				CLANG_WARN_INFINITE_RECURSION = YES;
				CLANG_WARN_INT_CONVERSION = YES;
				CLANG_WARN_OBJC_ROOT_CLASS = YES_ERROR;
				CLANG_WARN_SUSPICIOUS_MOVE = YES;
				CLANG_WARN_UNREACHABLE_CODE = YES;
				CLANG_WARN__DUPLICATE_METHOD_MATCH = YES;
				"CODE_SIGN_IDENTITY[sdk=iphoneos*]" = "iPhone Developer";
				COPY_PHASE_STRIP = NO;
				DEBUG_INFORMATION_FORMAT = dwarf;
				ENABLE_STRICT_OBJC_MSGSEND = YES;
				ENABLE_TESTABILITY = YES;
				GCC_C_LANGUAGE_STANDARD = gnu99;
				GCC_DYNAMIC_NO_PIC = NO;
				GCC_NO_COMMON_BLOCKS = YES;
				GCC_OPTIMIZATION_LEVEL = 0;
				GCC_PREPROCESSOR_DEFINITIONS = (
					"DEBUG=1",
					"$(inherited)",
				);
				GCC_WARN_64_TO_32_BIT_CONVERSION = YES;
				GCC_WARN_ABOUT_RETURN_TYPE = YES_ERROR;
				GCC_WARN_UNDECLARED_SELECTOR = YES;
				GCC_WARN_UNINITIALIZED_AUTOS = YES_AGGRESSIVE;
				GCC_WARN_UNUSED_FUNCTION = YES;
				GCC_WARN_UNUSED_VARIABLE = YES;
				IPHONEOS_DEPLOYMENT_TARGET = 10.3;
				MTL_ENABLE_DEBUG_INFO = YES;
				ONLY_ACTIVE_ARCH = YES;
				SDKROOT = iphoneos;
				SWIFT_ACTIVE_COMPILATION_CONDITIONS = DEBUG;
				SWIFT_OPTIMIZATION_LEVEL = "-Onone";
			};
			name = Debug;
		};
		F44742381EA58833001B7701 /* Release */ = {
			isa = XCBuildConfiguration;
			buildSettings = {
				ALWAYS_SEARCH_USER_PATHS = NO;
				CLANG_ANALYZER_NONNULL = YES;
				CLANG_ANALYZER_NUMBER_OBJECT_CONVERSION = YES_AGGRESSIVE;
				CLANG_CXX_LANGUAGE_STANDARD = "gnu++0x";
				CLANG_CXX_LIBRARY = "libc++";
				CLANG_ENABLE_MODULES = YES;
				CLANG_ENABLE_OBJC_ARC = YES;
				CLANG_WARN_BOOL_CONVERSION = YES;
				CLANG_WARN_CONSTANT_CONVERSION = YES;
				CLANG_WARN_DIRECT_OBJC_ISA_USAGE = YES_ERROR;
				CLANG_WARN_DOCUMENTATION_COMMENTS = YES;
				CLANG_WARN_EMPTY_BODY = YES;
				CLANG_WARN_ENUM_CONVERSION = YES;
				CLANG_WARN_INFINITE_RECURSION = YES;
				CLANG_WARN_INT_CONVERSION = YES;
				CLANG_WARN_OBJC_ROOT_CLASS = YES_ERROR;
				CLANG_WARN_SUSPICIOUS_MOVE = YES;
				CLANG_WARN_UNREACHABLE_CODE = YES;
				CLANG_WARN__DUPLICATE_METHOD_MATCH = YES;
				"CODE_SIGN_IDENTITY[sdk=iphoneos*]" = "iPhone Developer";
				COPY_PHASE_STRIP = NO;
				DEBUG_INFORMATION_FORMAT = "dwarf-with-dsym";
				ENABLE_NS_ASSERTIONS = NO;
				ENABLE_STRICT_OBJC_MSGSEND = YES;
				GCC_C_LANGUAGE_STANDARD = gnu99;
				GCC_NO_COMMON_BLOCKS = YES;
				GCC_WARN_64_TO_32_BIT_CONVERSION = YES;
				GCC_WARN_ABOUT_RETURN_TYPE = YES_ERROR;
				GCC_WARN_UNDECLARED_SELECTOR = YES;
				GCC_WARN_UNINITIALIZED_AUTOS = YES_AGGRESSIVE;
				GCC_WARN_UNUSED_FUNCTION = YES;
				GCC_WARN_UNUSED_VARIABLE = YES;
				IPHONEOS_DEPLOYMENT_TARGET = 10.3;
				MTL_ENABLE_DEBUG_INFO = NO;
				SDKROOT = iphoneos;
				SWIFT_OPTIMIZATION_LEVEL = "-Owholemodule";
				VALIDATE_PRODUCT = YES;
			};
			name = Release;
		};
		F447423A1EA58833001B7701 /* Debug */ = {
			isa = XCBuildConfiguration;
			baseConfigurationReference = B3C38AB81E7C11A8FDD50A69 /* Pods-Momentos.debug.xcconfig */;
			buildSettings = {
				ASSETCATALOG_COMPILER_APPICON_NAME = AppIcon;
				CODE_SIGN_ENTITLEMENTS = Momentos/Momentos.entitlements;
				DEVELOPMENT_TEAM = RREN52MQC8;
				INFOPLIST_FILE = Momentos/Info.plist;
				LD_RUNPATH_SEARCH_PATHS = "$(inherited) @executable_path/Frameworks";
				PRODUCT_BUNDLE_IDENTIFIER = br.com.Momentos;
				PRODUCT_NAME = "$(TARGET_NAME)";
				SWIFT_VERSION = 3.0;
			};
			name = Debug;
		};
		F447423B1EA58833001B7701 /* Release */ = {
			isa = XCBuildConfiguration;
			baseConfigurationReference = 44F4FB87493A32CDFF1D3DD4 /* Pods-Momentos.release.xcconfig */;
			buildSettings = {
				ASSETCATALOG_COMPILER_APPICON_NAME = AppIcon;
				CODE_SIGN_ENTITLEMENTS = Momentos/Momentos.entitlements;
				DEVELOPMENT_TEAM = RREN52MQC8;
				INFOPLIST_FILE = Momentos/Info.plist;
				LD_RUNPATH_SEARCH_PATHS = "$(inherited) @executable_path/Frameworks";
				PRODUCT_BUNDLE_IDENTIFIER = br.com.Momentos;
				PRODUCT_NAME = "$(TARGET_NAME)";
				SWIFT_VERSION = 3.0;
			};
			name = Release;
		};
/* End XCBuildConfiguration section */

/* Begin XCConfigurationList section */
		F44742221EA58833001B7701 /* Build configuration list for PBXProject "Momentos" */ = {
			isa = XCConfigurationList;
			buildConfigurations = (
				F44742371EA58833001B7701 /* Debug */,
				F44742381EA58833001B7701 /* Release */,
			);
			defaultConfigurationIsVisible = 0;
			defaultConfigurationName = Release;
		};
		F44742391EA58833001B7701 /* Build configuration list for PBXNativeTarget "Momentos" */ = {
			isa = XCConfigurationList;
			buildConfigurations = (
				F447423A1EA58833001B7701 /* Debug */,
				F447423B1EA58833001B7701 /* Release */,
			);
			defaultConfigurationIsVisible = 0;
			defaultConfigurationName = Release;
		};
/* End XCConfigurationList section */
	};
	rootObject = F447421F1EA58833001B7701 /* Project object */;
}
